// !$*UTF8*$!
{
	archiveVersion = 1;
	classes = {
	};
	objectVersion = 50;
	objects = {

/* Begin PBXBuildFile section */
		0EEEBAD124D6C1B4002AFF78 /* AppDelegate.swift in Sources */ = {isa = PBXBuildFile; fileRef = 0EEEBAD024D6C1B4002AFF78 /* AppDelegate.swift */; };
		0EEEBAD324D6C1B4002AFF78 /* SceneDelegate.swift in Sources */ = {isa = PBXBuildFile; fileRef = 0EEEBAD224D6C1B4002AFF78 /* SceneDelegate.swift */; };
		0EEEBAD524D6C1B4002AFF78 /* WeatherViewController.swift in Sources */ = {isa = PBXBuildFile; fileRef = 0EEEBAD424D6C1B4002AFF78 /* WeatherViewController.swift */; };
		0EEEBAD824D6C1B4002AFF78 /* Main.storyboard in Resources */ = {isa = PBXBuildFile; fileRef = 0EEEBAD624D6C1B4002AFF78 /* Main.storyboard */; };
		0EEEBADA24D6C1B6002AFF78 /* Assets.xcassets in Resources */ = {isa = PBXBuildFile; fileRef = 0EEEBAD924D6C1B6002AFF78 /* Assets.xcassets */; };
		0EEEBADD24D6C1B6002AFF78 /* LaunchScreen.storyboard in Resources */ = {isa = PBXBuildFile; fileRef = 0EEEBADB24D6C1B6002AFF78 /* LaunchScreen.storyboard */; };
		0EEEBAE824D70546002AFF78 /* WeatherManager.swift in Sources */ = {isa = PBXBuildFile; fileRef = 0EEEBAE724D70546002AFF78 /* WeatherManager.swift */; };
		0EEEBAEA24D74032002AFF78 /* WeatherData.swift in Sources */ = {isa = PBXBuildFile; fileRef = 0EEEBAE924D74032002AFF78 /* WeatherData.swift */; };
		0EEEBAEC24D74830002AFF78 /* WeatherModel.swift in Sources */ = {isa = PBXBuildFile; fileRef = 0EEEBAEB24D74830002AFF78 /* WeatherModel.swift */; };
/* End PBXBuildFile section */

/* Begin PBXFileReference section */
		0EEEBACD24D6C1B4002AFF78 /* Clima.app */ = {isa = PBXFileReference; explicitFileType = wrapper.application; includeInIndex = 0; path = Clima.app; sourceTree = BUILT_PRODUCTS_DIR; };
		0EEEBAD024D6C1B4002AFF78 /* AppDelegate.swift */ = {isa = PBXFileReference; lastKnownFileType = sourcecode.swift; path = AppDelegate.swift; sourceTree = "<group>"; };
		0EEEBAD224D6C1B4002AFF78 /* SceneDelegate.swift */ = {isa = PBXFileReference; lastKnownFileType = sourcecode.swift; path = SceneDelegate.swift; sourceTree = "<group>"; };
		0EEEBAD424D6C1B4002AFF78 /* WeatherViewController.swift */ = {isa = PBXFileReference; lastKnownFileType = sourcecode.swift; path = WeatherViewController.swift; sourceTree = "<group>"; };
		0EEEBAD724D6C1B4002AFF78 /* Base */ = {isa = PBXFileReference; lastKnownFileType = file.storyboard; name = Base; path = Base.lproj/Main.storyboard; sourceTree = "<group>"; };
		0EEEBAD924D6C1B6002AFF78 /* Assets.xcassets */ = {isa = PBXFileReference; lastKnownFileType = folder.assetcatalog; path = Assets.xcassets; sourceTree = "<group>"; };
		0EEEBADC24D6C1B6002AFF78 /* Base */ = {isa = PBXFileReference; lastKnownFileType = file.storyboard; name = Base; path = Base.lproj/LaunchScreen.storyboard; sourceTree = "<group>"; };
		0EEEBADE24D6C1B6002AFF78 /* Info.plist */ = {isa = PBXFileReference; lastKnownFileType = text.plist.xml; path = Info.plist; sourceTree = "<group>"; };
		0EEEBAE724D70546002AFF78 /* WeatherManager.swift */ = {isa = PBXFileReference; lastKnownFileType = sourcecode.swift; path = WeatherManager.swift; sourceTree = "<group>"; };
		0EEEBAE924D74032002AFF78 /* WeatherData.swift */ = {isa = PBXFileReference; lastKnownFileType = sourcecode.swift; path = WeatherData.swift; sourceTree = "<group>"; };
		0EEEBAEB24D74830002AFF78 /* WeatherModel.swift */ = {isa = PBXFileReference; lastKnownFileType = sourcecode.swift; path = WeatherModel.swift; sourceTree = "<group>"; };
/* End PBXFileReference section */

/* Begin PBXFrameworksBuildPhase section */
		0EEEBACA24D6C1B4002AFF78 /* Frameworks */ = {
			isa = PBXFrameworksBuildPhase;
			buildActionMask = 2147483647;
			files = (
			);
			runOnlyForDeploymentPostprocessing = 0;
		};
/* End PBXFrameworksBuildPhase section */

/* Begin PBXGroup section */
		0EEEBAC424D6C1B4002AFF78 = {
			isa = PBXGroup;
			children = (
				0EEEBACF24D6C1B4002AFF78 /* Clima */,
				0EEEBACE24D6C1B4002AFF78 /* Products */,
			);
			sourceTree = "<group>";
		};
		0EEEBACE24D6C1B4002AFF78 /* Products */ = {
			isa = PBXGroup;
			children = (
				0EEEBACD24D6C1B4002AFF78 /* Clima.app */,
			);
			name = Products;
			sourceTree = "<group>";
		};
		0EEEBACF24D6C1B4002AFF78 /* Clima */ = {
			isa = PBXGroup;
			children = (
				0EEEBAD024D6C1B4002AFF78 /* AppDelegate.swift */,
				0EEEBAE424D6C999002AFF78 /* View */,
				0EEEBAD224D6C1B4002AFF78 /* SceneDelegate.swift */,
				0EEEBAE624D6C9B9002AFF78 /* Model */,
				0EEEBAE524D6C9A3002AFF78 /* Controller */,
				0EEEBAD924D6C1B6002AFF78 /* Assets.xcassets */,
				0EEEBADB24D6C1B6002AFF78 /* LaunchScreen.storyboard */,
				0EEEBADE24D6C1B6002AFF78 /* Info.plist */,
			);
			path = Clima;
			sourceTree = "<group>";
		};
		0EEEBAE424D6C999002AFF78 /* View */ = {
			isa = PBXGroup;
			children = (
				0EEEBAD624D6C1B4002AFF78 /* Main.storyboard */,
			);
			path = View;
			sourceTree = "<group>";
		};
		0EEEBAE524D6C9A3002AFF78 /* Controller */ = {
			isa = PBXGroup;
			children = (
				0EEEBAD424D6C1B4002AFF78 /* WeatherViewController.swift */,
			);
			path = Controller;
			sourceTree = "<group>";
		};
		0EEEBAE624D6C9B9002AFF78 /* Model */ = {
			isa = PBXGroup;
			children = (
				0EEEBAE724D70546002AFF78 /* WeatherManager.swift */,
				0EEEBAE924D74032002AFF78 /* WeatherData.swift */,
				0EEEBAEB24D74830002AFF78 /* WeatherModel.swift */,
			);
			path = Model;
			sourceTree = "<group>";
		};
/* End PBXGroup section */

/* Begin PBXNativeTarget section */
		0EEEBACC24D6C1B4002AFF78 /* Clima */ = {
			isa = PBXNativeTarget;
			buildConfigurationList = 0EEEBAE124D6C1B6002AFF78 /* Build configuration list for PBXNativeTarget "Clima" */;
			buildPhases = (
				0EEEBAC924D6C1B4002AFF78 /* Sources */,
				0EEEBACA24D6C1B4002AFF78 /* Frameworks */,
				0EEEBACB24D6C1B4002AFF78 /* Resources */,
			);
			buildRules = (
			);
			dependencies = (
			);
			name = Clima;
			productName = Clima;
			productReference = 0EEEBACD24D6C1B4002AFF78 /* Clima.app */;
			productType = "com.apple.product-type.application";
		};
/* End PBXNativeTarget section */

/* Begin PBXProject section */
		0EEEBAC524D6C1B4002AFF78 /* Project object */ = {
			isa = PBXProject;
			attributes = {
				LastSwiftUpdateCheck = 1130;
				LastUpgradeCheck = 1130;
				ORGANIZATIONNAME = Katsu;
				TargetAttributes = {
					0EEEBACC24D6C1B4002AFF78 = {
						CreatedOnToolsVersion = 11.3.1;
					};
				};
			};
			buildConfigurationList = 0EEEBAC824D6C1B4002AFF78 /* Build configuration list for PBXProject "Clima" */;
			compatibilityVersion = "Xcode 9.3";
			developmentRegion = en;
			hasScannedForEncodings = 0;
			knownRegions = (
				en,
				Base,
			);
			mainGroup = 0EEEBAC424D6C1B4002AFF78;
			productRefGroup = 0EEEBACE24D6C1B4002AFF78 /* Products */;
			projectDirPath = "";
			projectRoot = "";
			targets = (
				0EEEBACC24D6C1B4002AFF78 /* Clima */,
			);
		};
/* End PBXProject section */

/* Begin PBXResourcesBuildPhase section */
		0EEEBACB24D6C1B4002AFF78 /* Resources */ = {
			isa = PBXResourcesBuildPhase;
			buildActionMask = 2147483647;
			files = (
				0EEEBADD24D6C1B6002AFF78 /* LaunchScreen.storyboard in Resources */,
				0EEEBADA24D6C1B6002AFF78 /* Assets.xcassets in Resources */,
				0EEEBAD824D6C1B4002AFF78 /* Main.storyboard in Resources */,
			);
			runOnlyForDeploymentPostprocessing = 0;
		};
/* End PBXResourcesBuildPhase section */

/* Begin PBXSourcesBuildPhase section */
		0EEEBAC924D6C1B4002AFF78 /* Sources */ = {
			isa = PBXSourcesBuildPhase;
			buildActionMask = 2147483647;
			files = (
				0EEEBAD524D6C1B4002AFF78 /* WeatherViewController.swift in Sources */,
				0EEEBAEA24D74032002AFF78 /* WeatherData.swift in Sources */,
				0EEEBAD124D6C1B4002AFF78 /* AppDelegate.swift in Sources */,
				0EEEBAE824D70546002AFF78 /* WeatherManager.swift in Sources */,
				0EEEBAEC24D74830002AFF78 /* WeatherModel.swift in Sources */,
				0EEEBAD324D6C1B4002AFF78 /* SceneDelegate.swift in Sources */,
			);
			runOnlyForDeploymentPostprocessing = 0;
		};
/* End PBXSourcesBuildPhase section */

/* Begin PBXVariantGroup section */
		0EEEBAD624D6C1B4002AFF78 /* Main.storyboard */ = {
			isa = PBXVariantGroup;
			children = (
				0EEEBAD724D6C1B4002AFF78 /* Base */,
			);
			name = Main.storyboard;
			sourceTree = "<group>";
		};
		0EEEBADB24D6C1B6002AFF78 /* LaunchScreen.storyboard */ = {
			isa = PBXVariantGroup;
			children = (
				0EEEBADC24D6C1B6002AFF78 /* Base */,
			);
			name = LaunchScreen.storyboard;
			sourceTree = "<group>";
		};
/* End PBXVariantGroup section */

/* Begin XCBuildConfiguration section */
		0EEEBADF24D6C1B6002AFF78 /* Debug */ = {
			isa = XCBuildConfiguration;
			buildSettings = {
				ALWAYS_SEARCH_USER_PATHS = NO;
				CLANG_ANALYZER_NONNULL = YES;
				CLANG_ANALYZER_NUMBER_OBJECT_CONVERSION = YES_AGGRESSIVE;
				CLANG_CXX_LANGUAGE_STANDARD = "gnu++14";
				CLANG_CXX_LIBRARY = "libc++";
				CLANG_ENABLE_MODULES = YES;
				CLANG_ENABLE_OBJC_ARC = YES;
				CLANG_ENABLE_OBJC_WEAK = YES;
				CLANG_WARN_BLOCK_CAPTURE_AUTORELEASING = YES;
				CLANG_WARN_BOOL_CONVERSION = YES;
				CLANG_WARN_COMMA = YES;
				CLANG_WARN_CONSTANT_CONVERSION = YES;
				CLANG_WARN_DEPRECATED_OBJC_IMPLEMENTATIONS = YES;
				CLANG_WARN_DIRECT_OBJC_ISA_USAGE = YES_ERROR;
				CLANG_WARN_DOCUMENTATION_COMMENTS = YES;
				CLANG_WARN_EMPTY_BODY = YES;
				CLANG_WARN_ENUM_CONVERSION = YES;
				CLANG_WARN_INFINITE_RECURSION = YES;
				CLANG_WARN_INT_CONVERSION = YES;
				CLANG_WARN_NON_LITERAL_NULL_CONVERSION = YES;
				CLANG_WARN_OBJC_IMPLICIT_RETAIN_SELF = YES;
				CLANG_WARN_OBJC_LITERAL_CONVERSION = YES;
				CLANG_WARN_OBJC_ROOT_CLASS = YES_ERROR;
				CLANG_WARN_RANGE_LOOP_ANALYSIS = YES;
				CLANG_WARN_STRICT_PROTOTYPES = YES;
				CLANG_WARN_SUSPICIOUS_MOVE = YES;
				CLANG_WARN_UNGUARDED_AVAILABILITY = YES_AGGRESSIVE;
				CLANG_WARN_UNREACHABLE_CODE = YES;
				CLANG_WARN__DUPLICATE_METHOD_MATCH = YES;
				COPY_PHASE_STRIP = NO;
				DEBUG_INFORMATION_FORMAT = dwarf;
				ENABLE_STRICT_OBJC_MSGSEND = YES;
				ENABLE_TESTABILITY = YES;
				GCC_C_LANGUAGE_STANDARD = gnu11;
				GCC_DYNAMIC_NO_PIC = NO;
				GCC_NO_COMMON_BLOCKS = YES;
				GCC_OPTIMIZATION_LEVEL = 0;
				GCC_PREPROCESSOR_DEFINITIONS = (
					"DEBUG=1",
					"$(inherited)",
				);
				GCC_WARN_64_TO_32_BIT_CONVERSION = YES;
				GCC_WARN_ABOUT_RETURN_TYPE = YES_ERROR;
				GCC_WARN_UNDECLARED_SELECTOR = YES;
				GCC_WARN_UNINITIALIZED_AUTOS = YES_AGGRESSIVE;
				GCC_WARN_UNUSED_FUNCTION = YES;
				GCC_WARN_UNUSED_VARIABLE = YES;
				IPHONEOS_DEPLOYMENT_TARGET = 13.2;
				MTL_ENABLE_DEBUG_INFO = INCLUDE_SOURCE;
				MTL_FAST_MATH = YES;
				ONLY_ACTIVE_ARCH = YES;
				SDKROOT = iphoneos;
				SWIFT_ACTIVE_COMPILATION_CONDITIONS = DEBUG;
				SWIFT_OPTIMIZATION_LEVEL = "-Onone";
			};
			name = Debug;
		};
		0EEEBAE024D6C1B6002AFF78 /* Release */ = {
			isa = XCBuildConfiguration;
			buildSettings = {
				ALWAYS_SEARCH_USER_PATHS = NO;
				CLANG_ANALYZER_NONNULL = YES;
				CLANG_ANALYZER_NUMBER_OBJECT_CONVERSION = YES_AGGRESSIVE;
				CLANG_CXX_LANGUAGE_STANDARD = "gnu++14";
				CLANG_CXX_LIBRARY = "libc++";
				CLANG_ENABLE_MODULES = YES;
				CLANG_ENABLE_OBJC_ARC = YES;
				CLANG_ENABLE_OBJC_WEAK = YES;
				CLANG_WARN_BLOCK_CAPTURE_AUTORELEASING = YES;
				CLANG_WARN_BOOL_CONVERSION = YES;
				CLANG_WARN_COMMA = YES;
				CLANG_WARN_CONSTANT_CONVERSION = YES;
				CLANG_WARN_DEPRECATED_OBJC_IMPLEMENTATIONS = YES;
				CLANG_WARN_DIRECT_OBJC_ISA_USAGE = YES_ERROR;
				CLANG_WARN_DOCUMENTATION_COMMENTS = YES;
				CLANG_WARN_EMPTY_BODY = YES;
				CLANG_WARN_ENUM_CONVERSION = YES;
				CLANG_WARN_INFINITE_RECURSION = YES;
				CLANG_WARN_INT_CONVERSION = YES;
				CLANG_WARN_NON_LITERAL_NULL_CONVERSION = YES;
				CLANG_WARN_OBJC_IMPLICIT_RETAIN_SELF = YES;
				CLANG_WARN_OBJC_LITERAL_CONVERSION = YES;
				CLANG_WARN_OBJC_ROOT_CLASS = YES_ERROR;
				CLANG_WARN_RANGE_LOOP_ANALYSIS = YES;
				CLANG_WARN_STRICT_PROTOTYPES = YES;
				CLANG_WARN_SUSPICIOUS_MOVE = YES;
				CLANG_WARN_UNGUARDED_AVAILABILITY = YES_AGGRESSIVE;
				CLANG_WARN_UNREACHABLE_CODE = YES;
				CLANG_WARN__DUPLICATE_METHOD_MATCH = YES;
				COPY_PHASE_STRIP = NO;
				DEBUG_INFORMATION_FORMAT = "dwarf-with-dsym";
				ENABLE_NS_ASSERTIONS = NO;
				ENABLE_STRICT_OBJC_MSGSEND = YES;
				GCC_C_LANGUAGE_STANDARD = gnu11;
				GCC_NO_COMMON_BLOCKS = YES;
				GCC_WARN_64_TO_32_BIT_CONVERSION = YES;
				GCC_WARN_ABOUT_RETURN_TYPE = YES_ERROR;
				GCC_WARN_UNDECLARED_SELECTOR = YES;
				GCC_WARN_UNINITIALIZED_AUTOS = YES_AGGRESSIVE;
				GCC_WARN_UNUSED_FUNCTION = YES;
				GCC_WARN_UNUSED_VARIABLE = YES;
				IPHONEOS_DEPLOYMENT_TARGET = 13.2;
				MTL_ENABLE_DEBUG_INFO = NO;
				MTL_FAST_MATH = YES;
				SDKROOT = iphoneos;
				SWIFT_COMPILATION_MODE = wholemodule;
				SWIFT_OPTIMIZATION_LEVEL = "-O";
				VALIDATE_PRODUCT = YES;
			};
			name = Release;
		};
		0EEEBAE224D6C1B6002AFF78 /* Debug */ = {
			isa = XCBuildConfiguration;
			buildSettings = {
				ASSETCATALOG_COMPILER_APPICON_NAME = AppIcon;
				CODE_SIGN_STYLE = Automatic;
				DEVELOPMENT_TEAM = 93DDK2VRJY;
				INFOPLIST_FILE = Clima/Info.plist;
				LD_RUNPATH_SEARCH_PATHS = (
					"$(inherited)",
					"@executable_path/Frameworks",
				);
				PRODUCT_BUNDLE_IDENTIFIER = "Wajdi-Dahech.Clima";
				PRODUCT_NAME = "$(TARGET_NAME)";
				SWIFT_VERSION = 5.0;
				TARGETED_DEVICE_FAMILY = "1,2";
			};
			name = Debug;
		};
		0EEEBAE324D6C1B6002AFF78 /* Release */ = {
			isa = XCBuildConfiguration;
			buildSettings = {
				ASSETCATALOG_COMPILER_APPICON_NAME = AppIcon;
				CODE_SIGN_STYLE = Automatic;
				DEVELOPMENT_TEAM = 93DDK2VRJY;
				INFOPLIST_FILE = Clima/Info.plist;
				LD_RUNPATH_SEARCH_PATHS = (
					"$(inherited)",
					"@executable_path/Frameworks",
				);
				PRODUCT_BUNDLE_IDENTIFIER = "Wajdi-Dahech.Clima";
				PRODUCT_NAME = "$(TARGET_NAME)";
				SWIFT_VERSION = 5.0;
				TARGETED_DEVICE_FAMILY = "1,2";
			};
			name = Release;
		};
/* End XCBuildConfiguration section */

/* Begin XCConfigurationList section */
		0EEEBAC824D6C1B4002AFF78 /* Build configuration list for PBXProject "Clima" */ = {
			isa = XCConfigurationList;
			buildConfigurations = (
				0EEEBADF24D6C1B6002AFF78 /* Debug */,
				0EEEBAE024D6C1B6002AFF78 /* Release */,
			);
			defaultConfigurationIsVisible = 0;
			defaultConfigurationName = Release;
		};
		0EEEBAE124D6C1B6002AFF78 /* Build configuration list for PBXNativeTarget "Clima" */ = {
			isa = XCConfigurationList;
			buildConfigurations = (
				0EEEBAE224D6C1B6002AFF78 /* Debug */,
				0EEEBAE324D6C1B6002AFF78 /* Release */,
			);
			defaultConfigurationIsVisible = 0;
			defaultConfigurationName = Release;
		};
/* End XCConfigurationList section */
	};
	rootObject = 0EEEBAC524D6C1B4002AFF78 /* Project object */;
}
